
Microsoft Visual Studio Solution File, Format Version 12.00
# Visual Studio 2013
VisualStudioVersion = 12.0.21005.1
MinimumVisualStudioVersion = 10.0.40219.1
Project("{8BC9CEB8-8B4A-11D0-8D11-00A0C91BC942}") = "3-21", "3-21\3-21.vcxproj", "{78169344-072E-4161-9012-5A42E3E1B494}"
EndProject
Global
	GlobalSection(SolutionConfigurationPlatforms) = preSolution
		Debug|Win32 = Debug|Win32
		Release|Win32 = Release|Win32
	EndGlobalSection
	GlobalSection(ProjectConfigurationPlatforms) = postSolution
		{78169344-072E-4161-9012-5A42E3E1B494}.Debug|Win32.ActiveCfg = Debug|Win32
		{78169344-072E-4161-9012-5A42E3E1B494}.Debug|Win32.Build.0 = Debug|Win32
		{78169344-072E-4161-9012-5A42E3E1B494}.Release|Win32.ActiveCfg = Release|Win32
		{78169344-072E-4161-9012-5A42E3E1B494}.Release|Win32.Build.0 = Release|Win32
	EndGlobalSection
	GlobalSection(SolutionProperties) = preSolution
		HideSolutionNode = FALSE
	EndGlobalSection
EndGlobal
