
Microsoft Visual Studio Solution File, Format Version 12.00
# Visual Studio 2013
VisualStudioVersion = 12.0.21005.1
MinimumVisualStudioVersion = 10.0.40219.1
Project("{8BC9CEB8-8B4A-11D0-8D11-00A0C91BC942}") = "1-23", "1-23\1-23.vcxproj", "{3A6C9AF8-7642-4FB5-9CA2-A74AD4B8FDFA}"
EndProject
Global
	GlobalSection(SolutionConfigurationPlatforms) = preSolution
		Debug|Win32 = Debug|Win32
		Release|Win32 = Release|Win32
	EndGlobalSection
	GlobalSection(ProjectConfigurationPlatforms) = postSolution
		{3A6C9AF8-7642-4FB5-9CA2-A74AD4B8FDFA}.Debug|Win32.ActiveCfg = Debug|Win32
		{3A6C9AF8-7642-4FB5-9CA2-A74AD4B8FDFA}.Debug|Win32.Build.0 = Debug|Win32
		{3A6C9AF8-7642-4FB5-9CA2-A74AD4B8FDFA}.Release|Win32.ActiveCfg = Release|Win32
		{3A6C9AF8-7642-4FB5-9CA2-A74AD4B8FDFA}.Release|Win32.Build.0 = Release|Win32
	EndGlobalSection
	GlobalSection(SolutionProperties) = preSolution
		HideSolutionNode = FALSE
	EndGlobalSection
EndGlobal
