
Microsoft Visual Studio Solution File, Format Version 12.00
# Visual Studio 2013
VisualStudioVersion = 12.0.21005.1
MinimumVisualStudioVersion = 10.0.40219.1
Project("{8BC9CEB8-8B4A-11D0-8D11-00A0C91BC942}") = "5-10", "5-10\5-10.vcxproj", "{65DDD0C5-DA94-46F3-AA7B-11F6A32246E9}"
EndProject
Global
	GlobalSection(SolutionConfigurationPlatforms) = preSolution
		Debug|Win32 = Debug|Win32
		Release|Win32 = Release|Win32
	EndGlobalSection
	GlobalSection(ProjectConfigurationPlatforms) = postSolution
		{65DDD0C5-DA94-46F3-AA7B-11F6A32246E9}.Debug|Win32.ActiveCfg = Debug|Win32
		{65DDD0C5-DA94-46F3-AA7B-11F6A32246E9}.Debug|Win32.Build.0 = Debug|Win32
		{65DDD0C5-DA94-46F3-AA7B-11F6A32246E9}.Release|Win32.ActiveCfg = Release|Win32
		{65DDD0C5-DA94-46F3-AA7B-11F6A32246E9}.Release|Win32.Build.0 = Release|Win32
	EndGlobalSection
	GlobalSection(SolutionProperties) = preSolution
		HideSolutionNode = FALSE
	EndGlobalSection
EndGlobal
